// !$*UTF8*$!
{
	archiveVersion = 1;
	classes = {
	};
	objectVersion = 56;
	objects = {

/* Begin PBXBuildFile section */
		5C398D252C85931400E4035C /* MoviesApp.swift in Sources */ = {isa = PBXBuildFile; fileRef = 5C398D242C85931400E4035C /* MoviesApp.swift */; };
		5C398D272C85931400E4035C /* ContentView.swift in Sources */ = {isa = PBXBuildFile; fileRef = 5C398D262C85931400E4035C /* ContentView.swift */; };
		5C398D292C85931500E4035C /* Assets.xcassets in Resources */ = {isa = PBXBuildFile; fileRef = 5C398D282C85931500E4035C /* Assets.xcassets */; };
		5C398D2C2C85931500E4035C /* Preview Assets.xcassets in Resources */ = {isa = PBXBuildFile; fileRef = 5C398D2B2C85931500E4035C /* Preview Assets.xcassets */; };
		5C398D362C85931500E4035C /* MoviesTests.swift in Sources */ = {isa = PBXBuildFile; fileRef = 5C398D352C85931500E4035C /* MoviesTests.swift */; };
		5C398D402C85931500E4035C /* MoviesUITests.swift in Sources */ = {isa = PBXBuildFile; fileRef = 5C398D3F2C85931500E4035C /* MoviesUITests.swift */; };
		5C398D422C85931500E4035C /* MoviesUITestsLaunchTests.swift in Sources */ = {isa = PBXBuildFile; fileRef = 5C398D412C85931500E4035C /* MoviesUITestsLaunchTests.swift */; };
		5C398D562C85971100E4035C /* ImageDownloader.swift in Sources */ = {isa = PBXBuildFile; fileRef = 5C398D552C85971100E4035C /* ImageDownloader.swift */; };
		5C398D592C8597DC00E4035C /* String+Extensions.swift in Sources */ = {isa = PBXBuildFile; fileRef = 5C398D582C8597DC00E4035C /* String+Extensions.swift */; };
		5C398D5C2C85987B00E4035C /* URLImage.swift in Sources */ = {isa = PBXBuildFile; fileRef = 5C398D5B2C85987B00E4035C /* URLImage.swift */; };
		5C398D5E2C85997000E4035C /* RatingView.swift in Sources */ = {isa = PBXBuildFile; fileRef = 5C398D5D2C85997000E4035C /* RatingView.swift */; };
		5C398D612C859C7400E4035C /* Constants.swift in Sources */ = {isa = PBXBuildFile; fileRef = 5C398D602C859C7400E4035C /* Constants.swift */; };
		5C398D6A2C85FAA300E4035C /* AppState.swift in Sources */ = {isa = PBXBuildFile; fileRef = 5C398D692C85FAA300E4035C /* AppState.swift */; };
		5C398D732C85FB1500E4035C /* Dispatcher.swift in Sources */ = {isa = PBXBuildFile; fileRef = 5C398D6B2C85FB1400E4035C /* Dispatcher.swift */; };
		5C398D742C85FB1500E4035C /* Modifyable.swift in Sources */ = {isa = PBXBuildFile; fileRef = 5C398D6C2C85FB1400E4035C /* Modifyable.swift */; };
		5C398D752C85FB1500E4035C /* Observer.swift in Sources */ = {isa = PBXBuildFile; fileRef = 5C398D6D2C85FB1400E4035C /* Observer.swift */; };
		5C398D762C85FB1500E4035C /* Reducer.swift in Sources */ = {isa = PBXBuildFile; fileRef = 5C398D6E2C85FB1400E4035C /* Reducer.swift */; };
		5C398D772C85FB1500E4035C /* ReduxCombine.swift in Sources */ = {isa = PBXBuildFile; fileRef = 5C398D6F2C85FB1400E4035C /* ReduxCombine.swift */; };
		5C398D782C85FB1500E4035C /* ReduxMiddleware.swift in Sources */ = {isa = PBXBuildFile; fileRef = 5C398D702C85FB1400E4035C /* ReduxMiddleware.swift */; };
		5C398D792C85FB1500E4035C /* Store.swift in Sources */ = {isa = PBXBuildFile; fileRef = 5C398D712C85FB1400E4035C /* Store.swift */; };
		5C398D7C2C85FB6F00E4035C /* Movie.swift in Sources */ = {isa = PBXBuildFile; fileRef = 5C398D7B2C85FB6F00E4035C /* Movie.swift */; };
		5C398D7E2C85FBD300E4035C /* AppAction.swift in Sources */ = {isa = PBXBuildFile; fileRef = 5C398D7D2C85FBD300E4035C /* AppAction.swift */; };
		5C398D812C85FC4500E4035C /* AppStore.swift in Sources */ = {isa = PBXBuildFile; fileRef = 5C398D802C85FC4500E4035C /* AppStore.swift */; };
		5C398D842C85FC7200E4035C /* AppState+Middleware.swift in Sources */ = {isa = PBXBuildFile; fileRef = 5C398D832C85FC7200E4035C /* AppState+Middleware.swift */; };
		5C398D862C86233000E4035C /* CounterState.swift in Sources */ = {isa = PBXBuildFile; fileRef = 5C398D852C86233000E4035C /* CounterState.swift */; };
		5C398D882C8623AF00E4035C /* CounterActions.swift in Sources */ = {isa = PBXBuildFile; fileRef = 5C398D872C8623AF00E4035C /* CounterActions.swift */; };
		5C398D8C2C86247B00E4035C /* CounterMiddleware.swift in Sources */ = {isa = PBXBuildFile; fileRef = 5C398D8B2C86247B00E4035C /* CounterMiddleware.swift */; };
		5C398D8E2C862E6800E4035C /* AppInteractor.swift in Sources */ = {isa = PBXBuildFile; fileRef = 5C398D8D2C862E6800E4035C /* AppInteractor.swift */; };
		5C398D902C8633E500E4035C /* CounterInteractor.swift in Sources */ = {isa = PBXBuildFile; fileRef = 5C398D8F2C8633E500E4035C /* CounterInteractor.swift */; };
/* End PBXBuildFile section */

/* Begin PBXContainerItemProxy section */
		5C398D322C85931500E4035C /* PBXContainerItemProxy */ = {
			isa = PBXContainerItemProxy;
			containerPortal = 5C398D192C85931400E4035C /* Project object */;
			proxyType = 1;
			remoteGlobalIDString = 5C398D202C85931400E4035C;
			remoteInfo = Movies;
		};
		5C398D3C2C85931500E4035C /* PBXContainerItemProxy */ = {
			isa = PBXContainerItemProxy;
			containerPortal = 5C398D192C85931400E4035C /* Project object */;
			proxyType = 1;
			remoteGlobalIDString = 5C398D202C85931400E4035C;
			remoteInfo = Movies;
		};
/* End PBXContainerItemProxy section */

/* Begin PBXFileReference section */
		5C398D212C85931400E4035C /* Movies.app */ = {isa = PBXFileReference; explicitFileType = wrapper.application; includeInIndex = 0; path = Movies.app; sourceTree = BUILT_PRODUCTS_DIR; };
		5C398D242C85931400E4035C /* MoviesApp.swift */ = {isa = PBXFileReference; lastKnownFileType = sourcecode.swift; path = MoviesApp.swift; sourceTree = "<group>"; };
		5C398D262C85931400E4035C /* ContentView.swift */ = {isa = PBXFileReference; lastKnownFileType = sourcecode.swift; path = ContentView.swift; sourceTree = "<group>"; };
		5C398D282C85931500E4035C /* Assets.xcassets */ = {isa = PBXFileReference; lastKnownFileType = folder.assetcatalog; path = Assets.xcassets; sourceTree = "<group>"; };
		5C398D2B2C85931500E4035C /* Preview Assets.xcassets */ = {isa = PBXFileReference; lastKnownFileType = folder.assetcatalog; path = "Preview Assets.xcassets"; sourceTree = "<group>"; };
		5C398D312C85931500E4035C /* MoviesTests.xctest */ = {isa = PBXFileReference; explicitFileType = wrapper.cfbundle; includeInIndex = 0; path = MoviesTests.xctest; sourceTree = BUILT_PRODUCTS_DIR; };
		5C398D352C85931500E4035C /* MoviesTests.swift */ = {isa = PBXFileReference; lastKnownFileType = sourcecode.swift; path = MoviesTests.swift; sourceTree = "<group>"; };
		5C398D3B2C85931500E4035C /* MoviesUITests.xctest */ = {isa = PBXFileReference; explicitFileType = wrapper.cfbundle; includeInIndex = 0; path = MoviesUITests.xctest; sourceTree = BUILT_PRODUCTS_DIR; };
		5C398D3F2C85931500E4035C /* MoviesUITests.swift */ = {isa = PBXFileReference; lastKnownFileType = sourcecode.swift; path = MoviesUITests.swift; sourceTree = "<group>"; };
		5C398D412C85931500E4035C /* MoviesUITestsLaunchTests.swift */ = {isa = PBXFileReference; lastKnownFileType = sourcecode.swift; path = MoviesUITestsLaunchTests.swift; sourceTree = "<group>"; };
		5C398D552C85971100E4035C /* ImageDownloader.swift */ = {isa = PBXFileReference; lastKnownFileType = sourcecode.swift; path = ImageDownloader.swift; sourceTree = "<group>"; };
		5C398D582C8597DC00E4035C /* String+Extensions.swift */ = {isa = PBXFileReference; lastKnownFileType = sourcecode.swift; path = "String+Extensions.swift"; sourceTree = "<group>"; };
		5C398D5B2C85987B00E4035C /* URLImage.swift */ = {isa = PBXFileReference; lastKnownFileType = sourcecode.swift; path = URLImage.swift; sourceTree = "<group>"; };
		5C398D5D2C85997000E4035C /* RatingView.swift */ = {isa = PBXFileReference; lastKnownFileType = sourcecode.swift; path = RatingView.swift; sourceTree = "<group>"; };
		5C398D602C859C7400E4035C /* Constants.swift */ = {isa = PBXFileReference; lastKnownFileType = sourcecode.swift; path = Constants.swift; sourceTree = "<group>"; };
		5C398D672C85A33700E4035C /* Secrets.xcconfig */ = {isa = PBXFileReference; lastKnownFileType = text.xcconfig; path = Secrets.xcconfig; sourceTree = "<group>"; };
		5C398D692C85FAA300E4035C /* AppState.swift */ = {isa = PBXFileReference; lastKnownFileType = sourcecode.swift; path = AppState.swift; sourceTree = "<group>"; };
		5C398D6B2C85FB1400E4035C /* Dispatcher.swift */ = {isa = PBXFileReference; fileEncoding = 4; lastKnownFileType = sourcecode.swift; path = Dispatcher.swift; sourceTree = "<group>"; };
		5C398D6C2C85FB1400E4035C /* Modifyable.swift */ = {isa = PBXFileReference; fileEncoding = 4; lastKnownFileType = sourcecode.swift; path = Modifyable.swift; sourceTree = "<group>"; };
		5C398D6D2C85FB1400E4035C /* Observer.swift */ = {isa = PBXFileReference; fileEncoding = 4; lastKnownFileType = sourcecode.swift; path = Observer.swift; sourceTree = "<group>"; };
		5C398D6E2C85FB1400E4035C /* Reducer.swift */ = {isa = PBXFileReference; fileEncoding = 4; lastKnownFileType = sourcecode.swift; path = Reducer.swift; sourceTree = "<group>"; };
		5C398D6F2C85FB1400E4035C /* ReduxCombine.swift */ = {isa = PBXFileReference; fileEncoding = 4; lastKnownFileType = sourcecode.swift; path = ReduxCombine.swift; sourceTree = "<group>"; };
		5C398D702C85FB1400E4035C /* ReduxMiddleware.swift */ = {isa = PBXFileReference; fileEncoding = 4; lastKnownFileType = sourcecode.swift; path = ReduxMiddleware.swift; sourceTree = "<group>"; };
		5C398D712C85FB1400E4035C /* Store.swift */ = {isa = PBXFileReference; fileEncoding = 4; lastKnownFileType = sourcecode.swift; path = Store.swift; sourceTree = "<group>"; };
		5C398D7B2C85FB6F00E4035C /* Movie.swift */ = {isa = PBXFileReference; lastKnownFileType = sourcecode.swift; path = Movie.swift; sourceTree = "<group>"; };
		5C398D7D2C85FBD300E4035C /* AppAction.swift */ = {isa = PBXFileReference; lastKnownFileType = sourcecode.swift; path = AppAction.swift; sourceTree = "<group>"; };
		5C398D802C85FC4500E4035C /* AppStore.swift */ = {isa = PBXFileReference; lastKnownFileType = sourcecode.swift; path = AppStore.swift; sourceTree = "<group>"; };
		5C398D832C85FC7200E4035C /* AppState+Middleware.swift */ = {isa = PBXFileReference; lastKnownFileType = sourcecode.swift; path = "AppState+Middleware.swift"; sourceTree = "<group>"; };
		5C398D852C86233000E4035C /* CounterState.swift */ = {isa = PBXFileReference; lastKnownFileType = sourcecode.swift; path = CounterState.swift; sourceTree = "<group>"; };
		5C398D872C8623AF00E4035C /* CounterActions.swift */ = {isa = PBXFileReference; lastKnownFileType = sourcecode.swift; path = CounterActions.swift; sourceTree = "<group>"; };
		5C398D8B2C86247B00E4035C /* CounterMiddleware.swift */ = {isa = PBXFileReference; lastKnownFileType = sourcecode.swift; path = CounterMiddleware.swift; sourceTree = "<group>"; };
		5C398D8D2C862E6800E4035C /* AppInteractor.swift */ = {isa = PBXFileReference; lastKnownFileType = sourcecode.swift; path = AppInteractor.swift; sourceTree = "<group>"; };
		5C398D8F2C8633E500E4035C /* CounterInteractor.swift */ = {isa = PBXFileReference; lastKnownFileType = sourcecode.swift; path = CounterInteractor.swift; sourceTree = "<group>"; };
/* End PBXFileReference section */

/* Begin PBXFrameworksBuildPhase section */
		5C398D1E2C85931400E4035C /* Frameworks */ = {
			isa = PBXFrameworksBuildPhase;
			buildActionMask = 2147483647;
			files = (
			);
			runOnlyForDeploymentPostprocessing = 0;
		};
		5C398D2E2C85931500E4035C /* Frameworks */ = {
			isa = PBXFrameworksBuildPhase;
			buildActionMask = 2147483647;
			files = (
			);
			runOnlyForDeploymentPostprocessing = 0;
		};
		5C398D382C85931500E4035C /* Frameworks */ = {
			isa = PBXFrameworksBuildPhase;
			buildActionMask = 2147483647;
			files = (
			);
			runOnlyForDeploymentPostprocessing = 0;
		};
/* End PBXFrameworksBuildPhase section */

/* Begin PBXGroup section */
		5C398D182C85931400E4035C = {
			isa = PBXGroup;
			children = (
				5C398D672C85A33700E4035C /* Secrets.xcconfig */,
				5C398D232C85931400E4035C /* Movies */,
				5C398D342C85931500E4035C /* MoviesTests */,
				5C398D3E2C85931500E4035C /* MoviesUITests */,
				5C398D222C85931400E4035C /* Products */,
			);
			sourceTree = "<group>";
		};
		5C398D222C85931400E4035C /* Products */ = {
			isa = PBXGroup;
			children = (
				5C398D212C85931400E4035C /* Movies.app */,
				5C398D312C85931500E4035C /* MoviesTests.xctest */,
				5C398D3B2C85931500E4035C /* MoviesUITests.xctest */,
			);
			name = Products;
			sourceTree = "<group>";
		};
		5C398D232C85931400E4035C /* Movies */ = {
			isa = PBXGroup;
			children = (
				5C398D242C85931400E4035C /* MoviesApp.swift */,
				5C398D602C859C7400E4035C /* Constants.swift */,
				5C398D262C85931400E4035C /* ContentView.swift */,
				5C398D8D2C862E6800E4035C /* AppInteractor.swift */,
				5C398D8F2C8633E500E4035C /* CounterInteractor.swift */,
				5C398D5A2C85985200E4035C /* Views */,
				5C398D542C8596F700E4035C /* Utilities */,
				5C398D4E2C85944200E4035C /* Store */,
				5C398D282C85931500E4035C /* Assets.xcassets */,
				5C398D2A2C85931500E4035C /* Preview Content */,
			);
			path = Movies;
			sourceTree = "<group>";
		};
		5C398D2A2C85931500E4035C /* Preview Content */ = {
			isa = PBXGroup;
			children = (
				5C398D2B2C85931500E4035C /* Preview Assets.xcassets */,
			);
			path = "Preview Content";
			sourceTree = "<group>";
		};
		5C398D342C85931500E4035C /* MoviesTests */ = {
			isa = PBXGroup;
			children = (
				5C398D352C85931500E4035C /* MoviesTests.swift */,
			);
			path = MoviesTests;
			sourceTree = "<group>";
		};
		5C398D3E2C85931500E4035C /* MoviesUITests */ = {
			isa = PBXGroup;
			children = (
				5C398D3F2C85931500E4035C /* MoviesUITests.swift */,
				5C398D412C85931500E4035C /* MoviesUITestsLaunchTests.swift */,
			);
			path = MoviesUITests;
			sourceTree = "<group>";
		};
		5C398D4E2C85944200E4035C /* Store */ = {
			isa = PBXGroup;
			children = (
				5C398D802C85FC4500E4035C /* AppStore.swift */,
				5C398D822C85FC5F00E4035C /* Middlewares */,
				5C398D7A2C85FB6600E4035C /* Models */,
				5C398D7F2C85FBDC00E4035C /* Actions */,
				5C398D682C85FA9900E4035C /* AppState */,
				5C398D722C85FB1400E4035C /* Redux */,
			);
			path = Store;
			sourceTree = "<group>";
		};
		5C398D542C8596F700E4035C /* Utilities */ = {
			isa = PBXGroup;
			children = (
				5C398D572C8597BC00E4035C /* Extensions */,
				5C398D552C85971100E4035C /* ImageDownloader.swift */,
			);
			path = Utilities;
			sourceTree = "<group>";
		};
		5C398D572C8597BC00E4035C /* Extensions */ = {
			isa = PBXGroup;
			children = (
				5C398D582C8597DC00E4035C /* String+Extensions.swift */,
			);
			path = Extensions;
			sourceTree = "<group>";
		};
		5C398D5A2C85985200E4035C /* Views */ = {
			isa = PBXGroup;
			children = (
				5C398D5B2C85987B00E4035C /* URLImage.swift */,
				5C398D5D2C85997000E4035C /* RatingView.swift */,
			);
			path = Views;
			sourceTree = "<group>";
		};
		5C398D682C85FA9900E4035C /* AppState */ = {
			isa = PBXGroup;
			children = (
				5C398D692C85FAA300E4035C /* AppState.swift */,
				5C398D852C86233000E4035C /* CounterState.swift */,
			);
			path = AppState;
			sourceTree = "<group>";
		};
		5C398D722C85FB1400E4035C /* Redux */ = {
			isa = PBXGroup;
			children = (
				5C398D6B2C85FB1400E4035C /* Dispatcher.swift */,
				5C398D6C2C85FB1400E4035C /* Modifyable.swift */,
				5C398D6D2C85FB1400E4035C /* Observer.swift */,
				5C398D6E2C85FB1400E4035C /* Reducer.swift */,
				5C398D6F2C85FB1400E4035C /* ReduxCombine.swift */,
				5C398D702C85FB1400E4035C /* ReduxMiddleware.swift */,
				5C398D712C85FB1400E4035C /* Store.swift */,
			);
			path = Redux;
			sourceTree = "<group>";
		};
		5C398D7A2C85FB6600E4035C /* Models */ = {
			isa = PBXGroup;
			children = (
				5C398D7B2C85FB6F00E4035C /* Movie.swift */,
			);
			path = Models;
			sourceTree = "<group>";
		};
		5C398D7F2C85FBDC00E4035C /* Actions */ = {
			isa = PBXGroup;
			children = (
				5C398D7D2C85FBD300E4035C /* AppAction.swift */,
				5C398D872C8623AF00E4035C /* CounterActions.swift */,
			);
			path = Actions;
			sourceTree = "<group>";
		};
		5C398D822C85FC5F00E4035C /* Middlewares */ = {
			isa = PBXGroup;
			children = (
				5C398D832C85FC7200E4035C /* AppState+Middleware.swift */,
				5C398D8B2C86247B00E4035C /* CounterMiddleware.swift */,
			);
			path = Middlewares;
			sourceTree = "<group>";
		};
/* End PBXGroup section */

/* Begin PBXNativeTarget section */
		5C398D202C85931400E4035C /* Movies */ = {
			isa = PBXNativeTarget;
			buildConfigurationList = 5C398D452C85931500E4035C /* Build configuration list for PBXNativeTarget "Movies" */;
			buildPhases = (
				5C398D1D2C85931400E4035C /* Sources */,
				5C398D1E2C85931400E4035C /* Frameworks */,
				5C398D1F2C85931400E4035C /* Resources */,
			);
			buildRules = (
			);
			dependencies = (
			);
			name = Movies;
			productName = Movies;
			productReference = 5C398D212C85931400E4035C /* Movies.app */;
			productType = "com.apple.product-type.application";
		};
		5C398D302C85931500E4035C /* MoviesTests */ = {
			isa = PBXNativeTarget;
			buildConfigurationList = 5C398D482C85931500E4035C /* Build configuration list for PBXNativeTarget "MoviesTests" */;
			buildPhases = (
				5C398D2D2C85931500E4035C /* Sources */,
				5C398D2E2C85931500E4035C /* Frameworks */,
				5C398D2F2C85931500E4035C /* Resources */,
			);
			buildRules = (
			);
			dependencies = (
				5C398D332C85931500E4035C /* PBXTargetDependency */,
			);
			name = MoviesTests;
			productName = MoviesTests;
			productReference = 5C398D312C85931500E4035C /* MoviesTests.xctest */;
			productType = "com.apple.product-type.bundle.unit-test";
		};
		5C398D3A2C85931500E4035C /* MoviesUITests */ = {
			isa = PBXNativeTarget;
			buildConfigurationList = 5C398D4B2C85931500E4035C /* Build configuration list for PBXNativeTarget "MoviesUITests" */;
			buildPhases = (
				5C398D372C85931500E4035C /* Sources */,
				5C398D382C85931500E4035C /* Frameworks */,
				5C398D392C85931500E4035C /* Resources */,
			);
			buildRules = (
			);
			dependencies = (
				5C398D3D2C85931500E4035C /* PBXTargetDependency */,
			);
			name = MoviesUITests;
			productName = MoviesUITests;
			productReference = 5C398D3B2C85931500E4035C /* MoviesUITests.xctest */;
			productType = "com.apple.product-type.bundle.ui-testing";
		};
/* End PBXNativeTarget section */

/* Begin PBXProject section */
		5C398D192C85931400E4035C /* Project object */ = {
			isa = PBXProject;
			attributes = {
				BuildIndependentTargetsInParallel = 1;
				LastSwiftUpdateCheck = 1540;
				LastUpgradeCheck = 1540;
				TargetAttributes = {
					5C398D202C85931400E4035C = {
						CreatedOnToolsVersion = 15.4;
					};
					5C398D302C85931500E4035C = {
						CreatedOnToolsVersion = 15.4;
						TestTargetID = 5C398D202C85931400E4035C;
					};
					5C398D3A2C85931500E4035C = {
						CreatedOnToolsVersion = 15.4;
						TestTargetID = 5C398D202C85931400E4035C;
					};
				};
			};
			buildConfigurationList = 5C398D1C2C85931400E4035C /* Build configuration list for PBXProject "Movies" */;
			compatibilityVersion = "Xcode 14.0";
			developmentRegion = en;
			hasScannedForEncodings = 0;
			knownRegions = (
				en,
				Base,
			);
			mainGroup = 5C398D182C85931400E4035C;
			productRefGroup = 5C398D222C85931400E4035C /* Products */;
			projectDirPath = "";
			projectRoot = "";
			targets = (
				5C398D202C85931400E4035C /* Movies */,
				5C398D302C85931500E4035C /* MoviesTests */,
				5C398D3A2C85931500E4035C /* MoviesUITests */,
			);
		};
/* End PBXProject section */

/* Begin PBXResourcesBuildPhase section */
		5C398D1F2C85931400E4035C /* Resources */ = {
			isa = PBXResourcesBuildPhase;
			buildActionMask = 2147483647;
			files = (
				5C398D2C2C85931500E4035C /* Preview Assets.xcassets in Resources */,
				5C398D292C85931500E4035C /* Assets.xcassets in Resources */,
			);
			runOnlyForDeploymentPostprocessing = 0;
		};
		5C398D2F2C85931500E4035C /* Resources */ = {
			isa = PBXResourcesBuildPhase;
			buildActionMask = 2147483647;
			files = (
			);
			runOnlyForDeploymentPostprocessing = 0;
		};
		5C398D392C85931500E4035C /* Resources */ = {
			isa = PBXResourcesBuildPhase;
			buildActionMask = 2147483647;
			files = (
			);
			runOnlyForDeploymentPostprocessing = 0;
		};
/* End PBXResourcesBuildPhase section */

/* Begin PBXSourcesBuildPhase section */
		5C398D1D2C85931400E4035C /* Sources */ = {
			isa = PBXSourcesBuildPhase;
			buildActionMask = 2147483647;
			files = (
				5C398D772C85FB1500E4035C /* ReduxCombine.swift in Sources */,
				5C398D7E2C85FBD300E4035C /* AppAction.swift in Sources */,
				5C398D752C85FB1500E4035C /* Observer.swift in Sources */,
				5C398D7C2C85FB6F00E4035C /* Movie.swift in Sources */,
				5C398D5C2C85987B00E4035C /* URLImage.swift in Sources */,
				5C398D6A2C85FAA300E4035C /* AppState.swift in Sources */,
				5C398D762C85FB1500E4035C /* Reducer.swift in Sources */,
				5C398D782C85FB1500E4035C /* ReduxMiddleware.swift in Sources */,
				5C398D562C85971100E4035C /* ImageDownloader.swift in Sources */,
				5C398D5E2C85997000E4035C /* RatingView.swift in Sources */,
				5C398D8C2C86247B00E4035C /* CounterMiddleware.swift in Sources */,
				5C398D812C85FC4500E4035C /* AppStore.swift in Sources */,
				5C398D272C85931400E4035C /* ContentView.swift in Sources */,
				5C398D902C8633E500E4035C /* CounterInteractor.swift in Sources */,
				5C398D862C86233000E4035C /* CounterState.swift in Sources */,
				5C398D792C85FB1500E4035C /* Store.swift in Sources */,
				5C398D732C85FB1500E4035C /* Dispatcher.swift in Sources */,
				5C398D882C8623AF00E4035C /* CounterActions.swift in Sources */,
				5C398D592C8597DC00E4035C /* String+Extensions.swift in Sources */,
				5C398D842C85FC7200E4035C /* AppState+Middleware.swift in Sources */,
				5C398D8E2C862E6800E4035C /* AppInteractor.swift in Sources */,
				5C398D252C85931400E4035C /* MoviesApp.swift in Sources */,
				5C398D612C859C7400E4035C /* Constants.swift in Sources */,
				5C398D742C85FB1500E4035C /* Modifyable.swift in Sources */,
			);
			runOnlyForDeploymentPostprocessing = 0;
		};
		5C398D2D2C85931500E4035C /* Sources */ = {
			isa = PBXSourcesBuildPhase;
			buildActionMask = 2147483647;
			files = (
				5C398D362C85931500E4035C /* MoviesTests.swift in Sources */,
			);
			runOnlyForDeploymentPostprocessing = 0;
		};
		5C398D372C85931500E4035C /* Sources */ = {
			isa = PBXSourcesBuildPhase;
			buildActionMask = 2147483647;
			files = (
				5C398D402C85931500E4035C /* MoviesUITests.swift in Sources */,
				5C398D422C85931500E4035C /* MoviesUITestsLaunchTests.swift in Sources */,
			);
			runOnlyForDeploymentPostprocessing = 0;
		};
/* End PBXSourcesBuildPhase section */

/* Begin PBXTargetDependency section */
		5C398D332C85931500E4035C /* PBXTargetDependency */ = {
			isa = PBXTargetDependency;
			target = 5C398D202C85931400E4035C /* Movies */;
			targetProxy = 5C398D322C85931500E4035C /* PBXContainerItemProxy */;
		};
		5C398D3D2C85931500E4035C /* PBXTargetDependency */ = {
			isa = PBXTargetDependency;
			target = 5C398D202C85931400E4035C /* Movies */;
			targetProxy = 5C398D3C2C85931500E4035C /* PBXContainerItemProxy */;
		};
/* End PBXTargetDependency section */

/* Begin XCBuildConfiguration section */
		5C398D432C85931500E4035C /* Debug */ = {
			isa = XCBuildConfiguration;
			baseConfigurationReference = 5C398D672C85A33700E4035C /* Secrets.xcconfig */;
			buildSettings = {
				ALWAYS_SEARCH_USER_PATHS = NO;
				ASSETCATALOG_COMPILER_GENERATE_SWIFT_ASSET_SYMBOL_EXTENSIONS = YES;
				CLANG_ANALYZER_NONNULL = YES;
				CLANG_ANALYZER_NUMBER_OBJECT_CONVERSION = YES_AGGRESSIVE;
				CLANG_CXX_LANGUAGE_STANDARD = "gnu++20";
				CLANG_ENABLE_MODULES = YES;
				CLANG_ENABLE_OBJC_ARC = YES;
				CLANG_ENABLE_OBJC_WEAK = YES;
				CLANG_WARN_BLOCK_CAPTURE_AUTORELEASING = YES;
				CLANG_WARN_BOOL_CONVERSION = YES;
				CLANG_WARN_COMMA = YES;
				CLANG_WARN_CONSTANT_CONVERSION = YES;
				CLANG_WARN_DEPRECATED_OBJC_IMPLEMENTATIONS = YES;
				CLANG_WARN_DIRECT_OBJC_ISA_USAGE = YES_ERROR;
				CLANG_WARN_DOCUMENTATION_COMMENTS = YES;
				CLANG_WARN_EMPTY_BODY = YES;
				CLANG_WARN_ENUM_CONVERSION = YES;
				CLANG_WARN_INFINITE_RECURSION = YES;
				CLANG_WARN_INT_CONVERSION = YES;
				CLANG_WARN_NON_LITERAL_NULL_CONVERSION = YES;
				CLANG_WARN_OBJC_IMPLICIT_RETAIN_SELF = YES;
				CLANG_WARN_OBJC_LITERAL_CONVERSION = YES;
				CLANG_WARN_OBJC_ROOT_CLASS = YES_ERROR;
				CLANG_WARN_QUOTED_INCLUDE_IN_FRAMEWORK_HEADER = YES;
				CLANG_WARN_RANGE_LOOP_ANALYSIS = YES;
				CLANG_WARN_STRICT_PROTOTYPES = YES;
				CLANG_WARN_SUSPICIOUS_MOVE = YES;
				CLANG_WARN_UNGUARDED_AVAILABILITY = YES_AGGRESSIVE;
				CLANG_WARN_UNREACHABLE_CODE = YES;
				CLANG_WARN__DUPLICATE_METHOD_MATCH = YES;
				COPY_PHASE_STRIP = NO;
				DEBUG_INFORMATION_FORMAT = dwarf;
				ENABLE_STRICT_OBJC_MSGSEND = YES;
				ENABLE_TESTABILITY = YES;
				ENABLE_USER_SCRIPT_SANDBOXING = YES;
				GCC_C_LANGUAGE_STANDARD = gnu17;
				GCC_DYNAMIC_NO_PIC = NO;
				GCC_NO_COMMON_BLOCKS = YES;
				GCC_OPTIMIZATION_LEVEL = 0;
				GCC_PREPROCESSOR_DEFINITIONS = (
					"DEBUG=1",
					"$(inherited)",
				);
				GCC_WARN_64_TO_32_BIT_CONVERSION = YES;
				GCC_WARN_ABOUT_RETURN_TYPE = YES_ERROR;
				GCC_WARN_UNDECLARED_SELECTOR = YES;
				GCC_WARN_UNINITIALIZED_AUTOS = YES_AGGRESSIVE;
				GCC_WARN_UNUSED_FUNCTION = YES;
				GCC_WARN_UNUSED_VARIABLE = YES;
				IPHONEOS_DEPLOYMENT_TARGET = 17.5;
				LOCALIZATION_PREFERS_STRING_CATALOGS = YES;
				MTL_ENABLE_DEBUG_INFO = INCLUDE_SOURCE;
				MTL_FAST_MATH = YES;
				ONLY_ACTIVE_ARCH = YES;
				OTHER_SWIFT_FLAGS = "$(inherited)";
				SDKROOT = iphoneos;
				SWIFT_ACTIVE_COMPILATION_CONDITIONS = "DEBUG $(inherited)";
				SWIFT_OPTIMIZATION_LEVEL = "-Onone";
			};
			name = Debug;
		};
		5C398D442C85931500E4035C /* Release */ = {
			isa = XCBuildConfiguration;
			baseConfigurationReference = 5C398D672C85A33700E4035C /* Secrets.xcconfig */;
			buildSettings = {
				ALWAYS_SEARCH_USER_PATHS = NO;
				ASSETCATALOG_COMPILER_GENERATE_SWIFT_ASSET_SYMBOL_EXTENSIONS = YES;
				CLANG_ANALYZER_NONNULL = YES;
				CLANG_ANALYZER_NUMBER_OBJECT_CONVERSION = YES_AGGRESSIVE;
				CLANG_CXX_LANGUAGE_STANDARD = "gnu++20";
				CLANG_ENABLE_MODULES = YES;
				CLANG_ENABLE_OBJC_ARC = YES;
				CLANG_ENABLE_OBJC_WEAK = YES;
				CLANG_WARN_BLOCK_CAPTURE_AUTORELEASING = YES;
				CLANG_WARN_BOOL_CONVERSION = YES;
				CLANG_WARN_COMMA = YES;
				CLANG_WARN_CONSTANT_CONVERSION = YES;
				CLANG_WARN_DEPRECATED_OBJC_IMPLEMENTATIONS = YES;
				CLANG_WARN_DIRECT_OBJC_ISA_USAGE = YES_ERROR;
				CLANG_WARN_DOCUMENTATION_COMMENTS = YES;
				CLANG_WARN_EMPTY_BODY = YES;
				CLANG_WARN_ENUM_CONVERSION = YES;
				CLANG_WARN_INFINITE_RECURSION = YES;
				CLANG_WARN_INT_CONVERSION = YES;
				CLANG_WARN_NON_LITERAL_NULL_CONVERSION = YES;
				CLANG_WARN_OBJC_IMPLICIT_RETAIN_SELF = YES;
				CLANG_WARN_OBJC_LITERAL_CONVERSION = YES;
				CLANG_WARN_OBJC_ROOT_CLASS = YES_ERROR;
				CLANG_WARN_QUOTED_INCLUDE_IN_FRAMEWORK_HEADER = YES;
				CLANG_WARN_RANGE_LOOP_ANALYSIS = YES;
				CLANG_WARN_STRICT_PROTOTYPES = YES;
				CLANG_WARN_SUSPICIOUS_MOVE = YES;
				CLANG_WARN_UNGUARDED_AVAILABILITY = YES_AGGRESSIVE;
				CLANG_WARN_UNREACHABLE_CODE = YES;
				CLANG_WARN__DUPLICATE_METHOD_MATCH = YES;
				COPY_PHASE_STRIP = NO;
				DEBUG_INFORMATION_FORMAT = "dwarf-with-dsym";
				ENABLE_NS_ASSERTIONS = NO;
				ENABLE_STRICT_OBJC_MSGSEND = YES;
				ENABLE_USER_SCRIPT_SANDBOXING = YES;
				GCC_C_LANGUAGE_STANDARD = gnu17;
				GCC_NO_COMMON_BLOCKS = YES;
				GCC_WARN_64_TO_32_BIT_CONVERSION = YES;
				GCC_WARN_ABOUT_RETURN_TYPE = YES_ERROR;
				GCC_WARN_UNDECLARED_SELECTOR = YES;
				GCC_WARN_UNINITIALIZED_AUTOS = YES_AGGRESSIVE;
				GCC_WARN_UNUSED_FUNCTION = YES;
				GCC_WARN_UNUSED_VARIABLE = YES;
				IPHONEOS_DEPLOYMENT_TARGET = 17.5;
				LOCALIZATION_PREFERS_STRING_CATALOGS = YES;
				MTL_ENABLE_DEBUG_INFO = NO;
				MTL_FAST_MATH = YES;
				OTHER_SWIFT_FLAGS = "$(inherited)";
				SDKROOT = iphoneos;
				SWIFT_COMPILATION_MODE = wholemodule;
				VALIDATE_PRODUCT = YES;
			};
			name = Release;
		};
		5C398D462C85931500E4035C /* Debug */ = {
			isa = XCBuildConfiguration;
			baseConfigurationReference = 5C398D672C85A33700E4035C /* Secrets.xcconfig */;
			buildSettings = {
				ASSETCATALOG_COMPILER_APPICON_NAME = AppIcon;
				ASSETCATALOG_COMPILER_GLOBAL_ACCENT_COLOR_NAME = AccentColor;
				CODE_SIGN_STYLE = Automatic;
				CURRENT_PROJECT_VERSION = 1;
				DEVELOPMENT_ASSET_PATHS = "\"Movies/Preview Content\"";
				ENABLE_PREVIEWS = YES;
				GENERATE_INFOPLIST_FILE = YES;
				INFOPLIST_FILE = Movies/Info.plist;
				INFOPLIST_KEY_UIApplicationSceneManifest_Generation = YES;
				INFOPLIST_KEY_UIApplicationSupportsIndirectInputEvents = YES;
				INFOPLIST_KEY_UILaunchScreen_Generation = YES;
				INFOPLIST_KEY_UISupportedInterfaceOrientations_iPad = "UIInterfaceOrientationPortrait UIInterfaceOrientationPortraitUpsideDown UIInterfaceOrientationLandscapeLeft UIInterfaceOrientationLandscapeRight";
				INFOPLIST_KEY_UISupportedInterfaceOrientations_iPhone = "UIInterfaceOrientationPortrait UIInterfaceOrientationLandscapeLeft UIInterfaceOrientationLandscapeRight";
				LD_RUNPATH_SEARCH_PATHS = (
					"$(inherited)",
					"@executable_path/Frameworks",
				);
				MARKETING_VERSION = 1.0;
				OTHER_SWIFT_FLAGS = "$(inherited)";
				PRODUCT_BUNDLE_IDENTIFIER = com.test.Movies;
				PRODUCT_NAME = "$(TARGET_NAME)";
				SWIFT_EMIT_LOC_STRINGS = YES;
				SWIFT_VERSION = 5.0;
				TARGETED_DEVICE_FAMILY = "1,2";
			};
			name = Debug;
		};
		5C398D472C85931500E4035C /* Release */ = {
			isa = XCBuildConfiguration;
			baseConfigurationReference = 5C398D672C85A33700E4035C /* Secrets.xcconfig */;
			buildSettings = {
				ASSETCATALOG_COMPILER_APPICON_NAME = AppIcon;
				ASSETCATALOG_COMPILER_GLOBAL_ACCENT_COLOR_NAME = AccentColor;
				CODE_SIGN_STYLE = Automatic;
				CURRENT_PROJECT_VERSION = 1;
				DEVELOPMENT_ASSET_PATHS = "\"Movies/Preview Content\"";
				ENABLE_PREVIEWS = YES;
				GENERATE_INFOPLIST_FILE = YES;
				INFOPLIST_FILE = Movies/Info.plist;
				INFOPLIST_KEY_UIApplicationSceneManifest_Generation = YES;
				INFOPLIST_KEY_UIApplicationSupportsIndirectInputEvents = YES;
				INFOPLIST_KEY_UILaunchScreen_Generation = YES;
				INFOPLIST_KEY_UISupportedInterfaceOrientations_iPad = "UIInterfaceOrientationPortrait UIInterfaceOrientationPortraitUpsideDown UIInterfaceOrientationLandscapeLeft UIInterfaceOrientationLandscapeRight";
				INFOPLIST_KEY_UISupportedInterfaceOrientations_iPhone = "UIInterfaceOrientationPortrait UIInterfaceOrientationLandscapeLeft UIInterfaceOrientationLandscapeRight";
				LD_RUNPATH_SEARCH_PATHS = (
					"$(inherited)",
					"@executable_path/Frameworks",
				);
				MARKETING_VERSION = 1.0;
				OTHER_SWIFT_FLAGS = "$(inherited)";
				PRODUCT_BUNDLE_IDENTIFIER = com.test.Movies;
				PRODUCT_NAME = "$(TARGET_NAME)";
				SWIFT_EMIT_LOC_STRINGS = YES;
				SWIFT_VERSION = 5.0;
				TARGETED_DEVICE_FAMILY = "1,2";
			};
			name = Release;
		};
		5C398D492C85931500E4035C /* Debug */ = {
			isa = XCBuildConfiguration;
			baseConfigurationReference = 5C398D672C85A33700E4035C /* Secrets.xcconfig */;
			buildSettings = {
				ALWAYS_EMBED_SWIFT_STANDARD_LIBRARIES = YES;
				BUNDLE_LOADER = "$(TEST_HOST)";
				CODE_SIGN_STYLE = Automatic;
				CURRENT_PROJECT_VERSION = 1;
				GENERATE_INFOPLIST_FILE = YES;
				IPHONEOS_DEPLOYMENT_TARGET = 17.5;
				MARKETING_VERSION = 1.0;
				PRODUCT_BUNDLE_IDENTIFIER = com.test.MoviesTests;
				PRODUCT_NAME = "$(TARGET_NAME)";
				SWIFT_EMIT_LOC_STRINGS = NO;
				SWIFT_VERSION = 5.0;
				TARGETED_DEVICE_FAMILY = "1,2";
				TEST_HOST = "$(BUILT_PRODUCTS_DIR)/Movies.app/$(BUNDLE_EXECUTABLE_FOLDER_PATH)/Movies";
			};
			name = Debug;
		};
		5C398D4A2C85931500E4035C /* Release */ = {
			isa = XCBuildConfiguration;
			baseConfigurationReference = 5C398D672C85A33700E4035C /* Secrets.xcconfig */;
			buildSettings = {
				ALWAYS_EMBED_SWIFT_STANDARD_LIBRARIES = YES;
				BUNDLE_LOADER = "$(TEST_HOST)";
				CODE_SIGN_STYLE = Automatic;
				CURRENT_PROJECT_VERSION = 1;
				GENERATE_INFOPLIST_FILE = YES;
				IPHONEOS_DEPLOYMENT_TARGET = 17.5;
				MARKETING_VERSION = 1.0;
				PRODUCT_BUNDLE_IDENTIFIER = com.test.MoviesTests;
				PRODUCT_NAME = "$(TARGET_NAME)";
				SWIFT_EMIT_LOC_STRINGS = NO;
				SWIFT_VERSION = 5.0;
				TARGETED_DEVICE_FAMILY = "1,2";
				TEST_HOST = "$(BUILT_PRODUCTS_DIR)/Movies.app/$(BUNDLE_EXECUTABLE_FOLDER_PATH)/Movies";
			};
			name = Release;
		};
		5C398D4C2C85931500E4035C /* Debug */ = {
			isa = XCBuildConfiguration;
			baseConfigurationReference = 5C398D672C85A33700E4035C /* Secrets.xcconfig */;
			buildSettings = {
				ALWAYS_EMBED_SWIFT_STANDARD_LIBRARIES = YES;
				CODE_SIGN_STYLE = Automatic;
				CURRENT_PROJECT_VERSION = 1;
				GENERATE_INFOPLIST_FILE = YES;
				MARKETING_VERSION = 1.0;
				PRODUCT_BUNDLE_IDENTIFIER = com.test.MoviesUITests;
				PRODUCT_NAME = "$(TARGET_NAME)";
				SWIFT_EMIT_LOC_STRINGS = NO;
				SWIFT_VERSION = 5.0;
				TARGETED_DEVICE_FAMILY = "1,2";
				TEST_TARGET_NAME = Movies;
			};
			name = Debug;
		};
		5C398D4D2C85931500E4035C /* Release */ = {
			isa = XCBuildConfiguration;
			baseConfigurationReference = 5C398D672C85A33700E4035C /* Secrets.xcconfig */;
			buildSettings = {
				ALWAYS_EMBED_SWIFT_STANDARD_LIBRARIES = YES;
				CODE_SIGN_STYLE = Automatic;
				CURRENT_PROJECT_VERSION = 1;
				GENERATE_INFOPLIST_FILE = YES;
				MARKETING_VERSION = 1.0;
				PRODUCT_BUNDLE_IDENTIFIER = com.test.MoviesUITests;
				PRODUCT_NAME = "$(TARGET_NAME)";
				SWIFT_EMIT_LOC_STRINGS = NO;
				SWIFT_VERSION = 5.0;
				TARGETED_DEVICE_FAMILY = "1,2";
				TEST_TARGET_NAME = Movies;
			};
			name = Release;
		};
/* End XCBuildConfiguration section */

/* Begin XCConfigurationList section */
		5C398D1C2C85931400E4035C /* Build configuration list for PBXProject "Movies" */ = {
			isa = XCConfigurationList;
			buildConfigurations = (
				5C398D432C85931500E4035C /* Debug */,
				5C398D442C85931500E4035C /* Release */,
			);
			defaultConfigurationIsVisible = 0;
			defaultConfigurationName = Release;
		};
		5C398D452C85931500E4035C /* Build configuration list for PBXNativeTarget "Movies" */ = {
			isa = XCConfigurationList;
			buildConfigurations = (
				5C398D462C85931500E4035C /* Debug */,
				5C398D472C85931500E4035C /* Release */,
			);
			defaultConfigurationIsVisible = 0;
			defaultConfigurationName = Release;
		};
		5C398D482C85931500E4035C /* Build configuration list for PBXNativeTarget "MoviesTests" */ = {
			isa = XCConfigurationList;
			buildConfigurations = (
				5C398D492C85931500E4035C /* Debug */,
				5C398D4A2C85931500E4035C /* Release */,
			);
			defaultConfigurationIsVisible = 0;
			defaultConfigurationName = Release;
		};
		5C398D4B2C85931500E4035C /* Build configuration list for PBXNativeTarget "MoviesUITests" */ = {
			isa = XCConfigurationList;
			buildConfigurations = (
				5C398D4C2C85931500E4035C /* Debug */,
				5C398D4D2C85931500E4035C /* Release */,
			);
			defaultConfigurationIsVisible = 0;
			defaultConfigurationName = Release;
		};
/* End XCConfigurationList section */
	};
	rootObject = 5C398D192C85931400E4035C /* Project object */;
}
